// !$*UTF8*$!
{
	archiveVersion = 1;
	classes = {
	};
	objectVersion = 46;
	objects = {

/* Begin PBXBuildFile section */
		E610780F1BAA1A29004B37A9 /* DataStore.swift in Sources */ = {isa = PBXBuildFile; fileRef = E610780E1BAA1A29004B37A9 /* DataStore.swift */; };
		E61078111BAB5FFF004B37A9 /* Reachability.swift in Sources */ = {isa = PBXBuildFile; fileRef = E61078101BAB5FFF004B37A9 /* Reachability.swift */; };
		E6702FCB1B96A2BA009B0C0B /* AppDelegate.swift in Sources */ = {isa = PBXBuildFile; fileRef = E6702FCA1B96A2BA009B0C0B /* AppDelegate.swift */; };
		E6702FD01B96A2BA009B0C0B /* Main.storyboard in Resources */ = {isa = PBXBuildFile; fileRef = E6702FCE1B96A2BA009B0C0B /* Main.storyboard */; };
		E6702FD21B96A2BA009B0C0B /* Images.xcassets in Resources */ = {isa = PBXBuildFile; fileRef = E6702FD11B96A2BA009B0C0B /* Images.xcassets */; };
		E6702FD51B96A2BA009B0C0B /* LaunchScreen.xib in Resources */ = {isa = PBXBuildFile; fileRef = E6702FD31B96A2BA009B0C0B /* LaunchScreen.xib */; };
		E6702FE11B96A2BA009B0C0B /* OnTheMapTests.swift in Sources */ = {isa = PBXBuildFile; fileRef = E6702FE01B96A2BA009B0C0B /* OnTheMapTests.swift */; };
		E6702FEE1B96A4C8009B0C0B /* LoginViewController.swift in Sources */ = {isa = PBXBuildFile; fileRef = E6702FED1B96A4C8009B0C0B /* LoginViewController.swift */; };
		E6702FF01B96A5A8009B0C0B /* MapViewController.swift in Sources */ = {isa = PBXBuildFile; fileRef = E6702FEF1B96A5A8009B0C0B /* MapViewController.swift */; };
		E6702FF41B96A8C0009B0C0B /* Roboto-Medium.ttf in Resources */ = {isa = PBXBuildFile; fileRef = E6702FF11B96A8C0009B0C0B /* Roboto-Medium.ttf */; };
		E6702FF51B96A8C0009B0C0B /* Roboto-Regular.ttf in Resources */ = {isa = PBXBuildFile; fileRef = E6702FF21B96A8C0009B0C0B /* Roboto-Regular.ttf */; };
		E6702FF61B96A8C0009B0C0B /* Roboto-Thin.ttf in Resources */ = {isa = PBXBuildFile; fileRef = E6702FF31B96A8C0009B0C0B /* Roboto-Thin.ttf */; };
		E6702FF81B96B44F009B0C0B /* LoginTextfield.swift in Sources */ = {isa = PBXBuildFile; fileRef = E6702FF71B96B44F009B0C0B /* LoginTextfield.swift */; };
		E6702FFA1B96BDF2009B0C0B /* OnTheMapHelper.swift in Sources */ = {isa = PBXBuildFile; fileRef = E6702FF91B96BDF2009B0C0B /* OnTheMapHelper.swift */; };
		E6702FFC1B96BE96009B0C0B /* OnTheMapConstants.swift in Sources */ = {isa = PBXBuildFile; fileRef = E6702FFB1B96BE96009B0C0B /* OnTheMapConstants.swift */; };
		E6702FFE1B9749E6009B0C0B /* OnTheMapUtilities.swift in Sources */ = {isa = PBXBuildFile; fileRef = E6702FFD1B9749E6009B0C0B /* OnTheMapUtilities.swift */; };
		E67030001B97B569009B0C0B /* UdacityProfile.swift in Sources */ = {isa = PBXBuildFile; fileRef = E6702FFF1B97B569009B0C0B /* UdacityProfile.swift */; };
		E67030041B9A50D1009B0C0B /* ListViewController.swift in Sources */ = {isa = PBXBuildFile; fileRef = E67030031B9A50D1009B0C0B /* ListViewController.swift */; };
		E67030081B9B3EC3009B0C0B /* ListMapViewController.swift in Sources */ = {isa = PBXBuildFile; fileRef = E67030071B9B3EC3009B0C0B /* ListMapViewController.swift */; };
		E670300A1B9C9F56009B0C0B /* StudentLocation.swift in Sources */ = {isa = PBXBuildFile; fileRef = E67030091B9C9F56009B0C0B /* StudentLocation.swift */; };
		E670300C1B9CDF25009B0C0B /* ListMapViewCell.swift in Sources */ = {isa = PBXBuildFile; fileRef = E670300B1B9CDF25009B0C0B /* ListMapViewCell.swift */; };
		E670300E1B9D0AC1009B0C0B /* PostLocationViewController.swift in Sources */ = {isa = PBXBuildFile; fileRef = E670300D1B9D0AC1009B0C0B /* PostLocationViewController.swift */; };
		E67030101B9D1EFB009B0C0B /* CustomTextfield.swift in Sources */ = {isa = PBXBuildFile; fileRef = E670300F1B9D1EFB009B0C0B /* CustomTextfield.swift */; };
		E68A44BD1BA9F10C00FA75D0 /* FBSDKCoreKit.framework in Frameworks */ = {isa = PBXBuildFile; fileRef = E68A44BB1BA9F10C00FA75D0 /* FBSDKCoreKit.framework */; };
		E68A44BE1BA9F10C00FA75D0 /* FBSDKLoginKit.framework in Frameworks */ = {isa = PBXBuildFile; fileRef = E68A44BC1BA9F10C00FA75D0 /* FBSDKLoginKit.framework */; };
/* End PBXBuildFile section */

/* Begin PBXContainerItemProxy section */
		E6702FDB1B96A2BA009B0C0B /* PBXContainerItemProxy */ = {
			isa = PBXContainerItemProxy;
			containerPortal = E6702FBD1B96A2BA009B0C0B /* Project object */;
			proxyType = 1;
			remoteGlobalIDString = E6702FC41B96A2BA009B0C0B;
			remoteInfo = OnTheMap;
		};
/* End PBXContainerItemProxy section */

/* Begin PBXFileReference section */
		E610780E1BAA1A29004B37A9 /* DataStore.swift */ = {isa = PBXFileReference; fileEncoding = 4; lastKnownFileType = sourcecode.swift; path = DataStore.swift; sourceTree = "<group>"; };
		E61078101BAB5FFF004B37A9 /* Reachability.swift */ = {isa = PBXFileReference; fileEncoding = 4; lastKnownFileType = sourcecode.swift; path = Reachability.swift; sourceTree = "<group>"; };
		E6702FC51B96A2BA009B0C0B /* OnTheMap.app */ = {isa = PBXFileReference; explicitFileType = wrapper.application; includeInIndex = 0; path = OnTheMap.app; sourceTree = BUILT_PRODUCTS_DIR; };
		E6702FC91B96A2BA009B0C0B /* Info.plist */ = {isa = PBXFileReference; lastKnownFileType = text.plist.xml; path = Info.plist; sourceTree = "<group>"; };
		E6702FCA1B96A2BA009B0C0B /* AppDelegate.swift */ = {isa = PBXFileReference; lastKnownFileType = sourcecode.swift; path = AppDelegate.swift; sourceTree = "<group>"; };
		E6702FCF1B96A2BA009B0C0B /* Base */ = {isa = PBXFileReference; lastKnownFileType = file.storyboard; name = Base; path = Base.lproj/Main.storyboard; sourceTree = "<group>"; };
		E6702FD11B96A2BA009B0C0B /* Images.xcassets */ = {isa = PBXFileReference; lastKnownFileType = folder.assetcatalog; path = Images.xcassets; sourceTree = "<group>"; };
		E6702FD41B96A2BA009B0C0B /* Base */ = {isa = PBXFileReference; lastKnownFileType = file.xib; name = Base; path = Base.lproj/LaunchScreen.xib; sourceTree = "<group>"; };
		E6702FDA1B96A2BA009B0C0B /* OnTheMapTests.xctest */ = {isa = PBXFileReference; explicitFileType = wrapper.cfbundle; includeInIndex = 0; path = OnTheMapTests.xctest; sourceTree = BUILT_PRODUCTS_DIR; };
		E6702FDF1B96A2BA009B0C0B /* Info.plist */ = {isa = PBXFileReference; lastKnownFileType = text.plist.xml; path = Info.plist; sourceTree = "<group>"; };
		E6702FE01B96A2BA009B0C0B /* OnTheMapTests.swift */ = {isa = PBXFileReference; lastKnownFileType = sourcecode.swift; path = OnTheMapTests.swift; sourceTree = "<group>"; };
		E6702FED1B96A4C8009B0C0B /* LoginViewController.swift */ = {isa = PBXFileReference; fileEncoding = 4; lastKnownFileType = sourcecode.swift; path = LoginViewController.swift; sourceTree = "<group>"; };
		E6702FEF1B96A5A8009B0C0B /* MapViewController.swift */ = {isa = PBXFileReference; fileEncoding = 4; lastKnownFileType = sourcecode.swift; path = MapViewController.swift; sourceTree = "<group>"; };
		E6702FF11B96A8C0009B0C0B /* Roboto-Medium.ttf */ = {isa = PBXFileReference; lastKnownFileType = file; path = "Roboto-Medium.ttf"; sourceTree = "<group>"; };
		E6702FF21B96A8C0009B0C0B /* Roboto-Regular.ttf */ = {isa = PBXFileReference; lastKnownFileType = file; path = "Roboto-Regular.ttf"; sourceTree = "<group>"; };
		E6702FF31B96A8C0009B0C0B /* Roboto-Thin.ttf */ = {isa = PBXFileReference; lastKnownFileType = file; path = "Roboto-Thin.ttf"; sourceTree = "<group>"; };
		E6702FF71B96B44F009B0C0B /* LoginTextfield.swift */ = {isa = PBXFileReference; fileEncoding = 4; lastKnownFileType = sourcecode.swift; path = LoginTextfield.swift; sourceTree = "<group>"; };
		E6702FF91B96BDF2009B0C0B /* OnTheMapHelper.swift */ = {isa = PBXFileReference; fileEncoding = 4; lastKnownFileType = sourcecode.swift; path = OnTheMapHelper.swift; sourceTree = "<group>"; };
		E6702FFB1B96BE96009B0C0B /* OnTheMapConstants.swift */ = {isa = PBXFileReference; fileEncoding = 4; lastKnownFileType = sourcecode.swift; path = OnTheMapConstants.swift; sourceTree = "<group>"; };
		E6702FFD1B9749E6009B0C0B /* OnTheMapUtilities.swift */ = {isa = PBXFileReference; fileEncoding = 4; lastKnownFileType = sourcecode.swift; path = OnTheMapUtilities.swift; sourceTree = "<group>"; };
		E6702FFF1B97B569009B0C0B /* UdacityProfile.swift */ = {isa = PBXFileReference; fileEncoding = 4; lastKnownFileType = sourcecode.swift; path = UdacityProfile.swift; sourceTree = "<group>"; };
		E67030031B9A50D1009B0C0B /* ListViewController.swift */ = {isa = PBXFileReference; fileEncoding = 4; lastKnownFileType = sourcecode.swift; path = ListViewController.swift; sourceTree = "<group>"; };
		E67030071B9B3EC3009B0C0B /* ListMapViewController.swift */ = {isa = PBXFileReference; fileEncoding = 4; lastKnownFileType = sourcecode.swift; path = ListMapViewController.swift; sourceTree = "<group>"; };
		E67030091B9C9F56009B0C0B /* StudentLocation.swift */ = {isa = PBXFileReference; fileEncoding = 4; lastKnownFileType = sourcecode.swift; path = StudentLocation.swift; sourceTree = "<group>"; };
		E670300B1B9CDF25009B0C0B /* ListMapViewCell.swift */ = {isa = PBXFileReference; fileEncoding = 4; lastKnownFileType = sourcecode.swift; path = ListMapViewCell.swift; sourceTree = "<group>"; };
		E670300D1B9D0AC1009B0C0B /* PostLocationViewController.swift */ = {isa = PBXFileReference; fileEncoding = 4; lastKnownFileType = sourcecode.swift; path = PostLocationViewController.swift; sourceTree = "<group>"; };
		E670300F1B9D1EFB009B0C0B /* CustomTextfield.swift */ = {isa = PBXFileReference; fileEncoding = 4; lastKnownFileType = sourcecode.swift; path = CustomTextfield.swift; sourceTree = "<group>"; };
		E68A44BB1BA9F10C00FA75D0 /* FBSDKCoreKit.framework */ = {isa = PBXFileReference; lastKnownFileType = wrapper.framework; path = FBSDKCoreKit.framework; sourceTree = "<group>"; };
		E68A44BC1BA9F10C00FA75D0 /* FBSDKLoginKit.framework */ = {isa = PBXFileReference; lastKnownFileType = wrapper.framework; path = FBSDKLoginKit.framework; sourceTree = "<group>"; };
		E6F9B1C01BA4948E004645AA /* Facebook-Header.h */ = {isa = PBXFileReference; lastKnownFileType = sourcecode.c.h; path = "Facebook-Header.h"; sourceTree = "<group>"; };
/* End PBXFileReference section */

/* Begin PBXFrameworksBuildPhase section */
		E6702FC21B96A2BA009B0C0B /* Frameworks */ = {
			isa = PBXFrameworksBuildPhase;
			buildActionMask = 2147483647;
			files = (
				E68A44BE1BA9F10C00FA75D0 /* FBSDKLoginKit.framework in Frameworks */,
				E68A44BD1BA9F10C00FA75D0 /* FBSDKCoreKit.framework in Frameworks */,
			);
			runOnlyForDeploymentPostprocessing = 0;
		};
		E6702FD71B96A2BA009B0C0B /* Frameworks */ = {
			isa = PBXFrameworksBuildPhase;
			buildActionMask = 2147483647;
			files = (
			);
			runOnlyForDeploymentPostprocessing = 0;
		};
/* End PBXFrameworksBuildPhase section */

/* Begin PBXGroup section */
		E6702FBC1B96A2BA009B0C0B = {
			isa = PBXGroup;
			children = (
				E6F9B1D11BA4A3E6004645AA /* Frameworks */,
				E6702FC71B96A2BA009B0C0B /* OnTheMap */,
				E6702FDD1B96A2BA009B0C0B /* OnTheMapTests */,
				E6702FC61B96A2BA009B0C0B /* Products */,
			);
			sourceTree = "<group>";
		};
		E6702FC61B96A2BA009B0C0B /* Products */ = {
			isa = PBXGroup;
			children = (
				E6702FC51B96A2BA009B0C0B /* OnTheMap.app */,
				E6702FDA1B96A2BA009B0C0B /* OnTheMapTests.xctest */,
			);
			name = Products;
			sourceTree = "<group>";
		};
		E6702FC71B96A2BA009B0C0B /* OnTheMap */ = {
			isa = PBXGroup;
			children = (
				E6702FEC1B96A3DF009B0C0B /* Controller */,
				E6702FEB1B96A3DA009B0C0B /* View */,
				E6702FEA1B96A3D5009B0C0B /* Model */,
				E6702FCA1B96A2BA009B0C0B /* AppDelegate.swift */,
				E6702FCE1B96A2BA009B0C0B /* Main.storyboard */,
				E6702FD11B96A2BA009B0C0B /* Images.xcassets */,
				E6702FD31B96A2BA009B0C0B /* LaunchScreen.xib */,
				E6702FC81B96A2BA009B0C0B /* Supporting Files */,
				E6F9B1C01BA4948E004645AA /* Facebook-Header.h */,
			);
			path = OnTheMap;
			sourceTree = "<group>";
		};
		E6702FC81B96A2BA009B0C0B /* Supporting Files */ = {
			isa = PBXGroup;
			children = (
				E6702FF11B96A8C0009B0C0B /* Roboto-Medium.ttf */,
				E6702FF21B96A8C0009B0C0B /* Roboto-Regular.ttf */,
				E6702FF31B96A8C0009B0C0B /* Roboto-Thin.ttf */,
				E6702FC91B96A2BA009B0C0B /* Info.plist */,
			);
			name = "Supporting Files";
			sourceTree = "<group>";
		};
		E6702FDD1B96A2BA009B0C0B /* OnTheMapTests */ = {
			isa = PBXGroup;
			children = (
				E6702FE01B96A2BA009B0C0B /* OnTheMapTests.swift */,
				E6702FDE1B96A2BA009B0C0B /* Supporting Files */,
			);
			path = OnTheMapTests;
			sourceTree = "<group>";
		};
		E6702FDE1B96A2BA009B0C0B /* Supporting Files */ = {
			isa = PBXGroup;
			children = (
				E6702FDF1B96A2BA009B0C0B /* Info.plist */,
			);
			name = "Supporting Files";
			sourceTree = "<group>";
		};
		E6702FEA1B96A3D5009B0C0B /* Model */ = {
			isa = PBXGroup;
			children = (
				E6702FF91B96BDF2009B0C0B /* OnTheMapHelper.swift */,
				E6702FFB1B96BE96009B0C0B /* OnTheMapConstants.swift */,
				E6702FFD1B9749E6009B0C0B /* OnTheMapUtilities.swift */,
				E6702FFF1B97B569009B0C0B /* UdacityProfile.swift */,
				E67030091B9C9F56009B0C0B /* StudentLocation.swift */,
				E610780E1BAA1A29004B37A9 /* DataStore.swift */,
				E61078101BAB5FFF004B37A9 /* Reachability.swift */,
			);
			name = Model;
			sourceTree = "<group>";
		};
		E6702FEB1B96A3DA009B0C0B /* View */ = {
			isa = PBXGroup;
			children = (
				E6702FF71B96B44F009B0C0B /* LoginTextfield.swift */,
				E670300B1B9CDF25009B0C0B /* ListMapViewCell.swift */,
				E670300F1B9D1EFB009B0C0B /* CustomTextfield.swift */,
			);
			name = View;
			sourceTree = "<group>";
		};
		E6702FEC1B96A3DF009B0C0B /* Controller */ = {
			isa = PBXGroup;
			children = (
				E6702FED1B96A4C8009B0C0B /* LoginViewController.swift */,
				E6702FEF1B96A5A8009B0C0B /* MapViewController.swift */,
				E67030031B9A50D1009B0C0B /* ListViewController.swift */,
				E67030071B9B3EC3009B0C0B /* ListMapViewController.swift */,
				E670300D1B9D0AC1009B0C0B /* PostLocationViewController.swift */,
			);
			name = Controller;
			sourceTree = "<group>";
		};
		E6F9B1D11BA4A3E6004645AA /* Frameworks */ = {
			isa = PBXGroup;
			children = (
				E68A44BB1BA9F10C00FA75D0 /* FBSDKCoreKit.framework */,
				E68A44BC1BA9F10C00FA75D0 /* FBSDKLoginKit.framework */,
			);
			name = Frameworks;
			sourceTree = "<group>";
		};
/* End PBXGroup section */

/* Begin PBXNativeTarget section */
		E6702FC41B96A2BA009B0C0B /* OnTheMap */ = {
			isa = PBXNativeTarget;
			buildConfigurationList = E6702FE41B96A2BA009B0C0B /* Build configuration list for PBXNativeTarget "OnTheMap" */;
			buildPhases = (
				E6702FC11B96A2BA009B0C0B /* Sources */,
				E6702FC21B96A2BA009B0C0B /* Frameworks */,
				E6702FC31B96A2BA009B0C0B /* Resources */,
			);
			buildRules = (
			);
			dependencies = (
			);
			name = OnTheMap;
			productName = OnTheMap;
			productReference = E6702FC51B96A2BA009B0C0B /* OnTheMap.app */;
			productType = "com.apple.product-type.application";
		};
		E6702FD91B96A2BA009B0C0B /* OnTheMapTests */ = {
			isa = PBXNativeTarget;
			buildConfigurationList = E6702FE71B96A2BA009B0C0B /* Build configuration list for PBXNativeTarget "OnTheMapTests" */;
			buildPhases = (
				E6702FD61B96A2BA009B0C0B /* Sources */,
				E6702FD71B96A2BA009B0C0B /* Frameworks */,
				E6702FD81B96A2BA009B0C0B /* Resources */,
			);
			buildRules = (
			);
			dependencies = (
				E6702FDC1B96A2BA009B0C0B /* PBXTargetDependency */,
			);
			name = OnTheMapTests;
			productName = OnTheMapTests;
			productReference = E6702FDA1B96A2BA009B0C0B /* OnTheMapTests.xctest */;
			productType = "com.apple.product-type.bundle.unit-test";
		};
/* End PBXNativeTarget section */

/* Begin PBXProject section */
		E6702FBD1B96A2BA009B0C0B /* Project object */ = {
			isa = PBXProject;
			attributes = {
				LastSwiftUpdateCheck = 0700;
				LastUpgradeCheck = 0630;
				ORGANIZATIONNAME = "Ricardo Hdz";
				TargetAttributes = {
					E6702FC41B96A2BA009B0C0B = {
						CreatedOnToolsVersion = 6.3.2;
					};
					E6702FD91B96A2BA009B0C0B = {
						CreatedOnToolsVersion = 6.3.2;
						TestTargetID = E6702FC41B96A2BA009B0C0B;
					};
				};
			};
			buildConfigurationList = E6702FC01B96A2BA009B0C0B /* Build configuration list for PBXProject "OnTheMap" */;
			compatibilityVersion = "Xcode 3.2";
			developmentRegion = English;
			hasScannedForEncodings = 0;
			knownRegions = (
				en,
				Base,
			);
			mainGroup = E6702FBC1B96A2BA009B0C0B;
			productRefGroup = E6702FC61B96A2BA009B0C0B /* Products */;
			projectDirPath = "";
			projectRoot = "";
			targets = (
				E6702FC41B96A2BA009B0C0B /* OnTheMap */,
				E6702FD91B96A2BA009B0C0B /* OnTheMapTests */,
			);
		};
/* End PBXProject section */

/* Begin PBXResourcesBuildPhase section */
		E6702FC31B96A2BA009B0C0B /* Resources */ = {
			isa = PBXResourcesBuildPhase;
			buildActionMask = 2147483647;
			files = (
				E6702FF41B96A8C0009B0C0B /* Roboto-Medium.ttf in Resources */,
				E6702FD01B96A2BA009B0C0B /* Main.storyboard in Resources */,
				E6702FF61B96A8C0009B0C0B /* Roboto-Thin.ttf in Resources */,
				E6702FF51B96A8C0009B0C0B /* Roboto-Regular.ttf in Resources */,
				E6702FD51B96A2BA009B0C0B /* LaunchScreen.xib in Resources */,
				E6702FD21B96A2BA009B0C0B /* Images.xcassets in Resources */,
			);
			runOnlyForDeploymentPostprocessing = 0;
		};
		E6702FD81B96A2BA009B0C0B /* Resources */ = {
			isa = PBXResourcesBuildPhase;
			buildActionMask = 2147483647;
			files = (
			);
			runOnlyForDeploymentPostprocessing = 0;
		};
/* End PBXResourcesBuildPhase section */

/* Begin PBXSourcesBuildPhase section */
		E6702FC11B96A2BA009B0C0B /* Sources */ = {
			isa = PBXSourcesBuildPhase;
			buildActionMask = 2147483647;
			files = (
				E670300A1B9C9F56009B0C0B /* StudentLocation.swift in Sources */,
				E6702FEE1B96A4C8009B0C0B /* LoginViewController.swift in Sources */,
				E6702FFC1B96BE96009B0C0B /* OnTheMapConstants.swift in Sources */,
				E670300E1B9D0AC1009B0C0B /* PostLocationViewController.swift in Sources */,
				E67030101B9D1EFB009B0C0B /* CustomTextfield.swift in Sources */,
				E6702FFA1B96BDF2009B0C0B /* OnTheMapHelper.swift in Sources */,
				E67030001B97B569009B0C0B /* UdacityProfile.swift in Sources */,
				E6702FF81B96B44F009B0C0B /* LoginTextfield.swift in Sources */,
				E67030041B9A50D1009B0C0B /* ListViewController.swift in Sources */,
				E6702FF01B96A5A8009B0C0B /* MapViewController.swift in Sources */,
				E67030081B9B3EC3009B0C0B /* ListMapViewController.swift in Sources */,
				E6702FFE1B9749E6009B0C0B /* OnTheMapUtilities.swift in Sources */,
				E670300C1B9CDF25009B0C0B /* ListMapViewCell.swift in Sources */,
				E610780F1BAA1A29004B37A9 /* DataStore.swift in Sources */,
				E61078111BAB5FFF004B37A9 /* Reachability.swift in Sources */,
				E6702FCB1B96A2BA009B0C0B /* AppDelegate.swift in Sources */,
			);
			runOnlyForDeploymentPostprocessing = 0;
		};
		E6702FD61B96A2BA009B0C0B /* Sources */ = {
			isa = PBXSourcesBuildPhase;
			buildActionMask = 2147483647;
			files = (
				E6702FE11B96A2BA009B0C0B /* OnTheMapTests.swift in Sources */,
			);
			runOnlyForDeploymentPostprocessing = 0;
		};
/* End PBXSourcesBuildPhase section */

/* Begin PBXTargetDependency section */
		E6702FDC1B96A2BA009B0C0B /* PBXTargetDependency */ = {
			isa = PBXTargetDependency;
			target = E6702FC41B96A2BA009B0C0B /* OnTheMap */;
			targetProxy = E6702FDB1B96A2BA009B0C0B /* PBXContainerItemProxy */;
		};
/* End PBXTargetDependency section */

/* Begin PBXVariantGroup section */
		E6702FCE1B96A2BA009B0C0B /* Main.storyboard */ = {
			isa = PBXVariantGroup;
			children = (
				E6702FCF1B96A2BA009B0C0B /* Base */,
			);
			name = Main.storyboard;
			sourceTree = "<group>";
		};
		E6702FD31B96A2BA009B0C0B /* LaunchScreen.xib */ = {
			isa = PBXVariantGroup;
			children = (
				E6702FD41B96A2BA009B0C0B /* Base */,
			);
			name = LaunchScreen.xib;
			sourceTree = "<group>";
		};
/* End PBXVariantGroup section */

/* Begin XCBuildConfiguration section */
		E6702FE21B96A2BA009B0C0B /* Debug */ = {
			isa = XCBuildConfiguration;
			buildSettings = {
				ALWAYS_SEARCH_USER_PATHS = NO;
				CLANG_CXX_LANGUAGE_STANDARD = "gnu++0x";
				CLANG_CXX_LIBRARY = "libc++";
				CLANG_ENABLE_MODULES = YES;
				CLANG_ENABLE_OBJC_ARC = YES;
				CLANG_WARN_BOOL_CONVERSION = YES;
				CLANG_WARN_CONSTANT_CONVERSION = YES;
				CLANG_WARN_DIRECT_OBJC_ISA_USAGE = YES_ERROR;
				CLANG_WARN_EMPTY_BODY = YES;
				CLANG_WARN_ENUM_CONVERSION = YES;
				CLANG_WARN_INT_CONVERSION = YES;
				CLANG_WARN_OBJC_ROOT_CLASS = YES_ERROR;
				CLANG_WARN_UNREACHABLE_CODE = YES;
				CLANG_WARN__DUPLICATE_METHOD_MATCH = YES;
				"CODE_SIGN_IDENTITY[sdk=iphoneos*]" = "iPhone Developer";
				COPY_PHASE_STRIP = NO;
				DEBUG_INFORMATION_FORMAT = "dwarf-with-dsym";
				ENABLE_STRICT_OBJC_MSGSEND = YES;
				GCC_C_LANGUAGE_STANDARD = gnu99;
				GCC_DYNAMIC_NO_PIC = NO;
				GCC_NO_COMMON_BLOCKS = YES;
				GCC_OPTIMIZATION_LEVEL = 0;
				GCC_PREPROCESSOR_DEFINITIONS = (
					"DEBUG=1",
					"$(inherited)",
				);
				GCC_SYMBOLS_PRIVATE_EXTERN = NO;
				GCC_WARN_64_TO_32_BIT_CONVERSION = YES;
				GCC_WARN_ABOUT_RETURN_TYPE = YES_ERROR;
				GCC_WARN_UNDECLARED_SELECTOR = YES;
				GCC_WARN_UNINITIALIZED_AUTOS = YES_AGGRESSIVE;
				GCC_WARN_UNUSED_FUNCTION = YES;
				GCC_WARN_UNUSED_VARIABLE = YES;
				IPHONEOS_DEPLOYMENT_TARGET = 8.3;
				MTL_ENABLE_DEBUG_INFO = YES;
				ONLY_ACTIVE_ARCH = YES;
				SDKROOT = iphoneos;
				SWIFT_OPTIMIZATION_LEVEL = "-Onone";
			};
			name = Debug;
		};
		E6702FE31B96A2BA009B0C0B /* Release */ = {
			isa = XCBuildConfiguration;
			buildSettings = {
				ALWAYS_SEARCH_USER_PATHS = NO;
				CLANG_CXX_LANGUAGE_STANDARD = "gnu++0x";
				CLANG_CXX_LIBRARY = "libc++";
				CLANG_ENABLE_MODULES = YES;
				CLANG_ENABLE_OBJC_ARC = YES;
				CLANG_WARN_BOOL_CONVERSION = YES;
				CLANG_WARN_CONSTANT_CONVERSION = YES;
				CLANG_WARN_DIRECT_OBJC_ISA_USAGE = YES_ERROR;
				CLANG_WARN_EMPTY_BODY = YES;
				CLANG_WARN_ENUM_CONVERSION = YES;
				CLANG_WARN_INT_CONVERSION = YES;
				CLANG_WARN_OBJC_ROOT_CLASS = YES_ERROR;
				CLANG_WARN_UNREACHABLE_CODE = YES;
				CLANG_WARN__DUPLICATE_METHOD_MATCH = YES;
				"CODE_SIGN_IDENTITY[sdk=iphoneos*]" = "iPhone Developer";
				COPY_PHASE_STRIP = NO;
				DEBUG_INFORMATION_FORMAT = "dwarf-with-dsym";
				ENABLE_NS_ASSERTIONS = NO;
				ENABLE_STRICT_OBJC_MSGSEND = YES;
				GCC_C_LANGUAGE_STANDARD = gnu99;
				GCC_NO_COMMON_BLOCKS = YES;
				GCC_WARN_64_TO_32_BIT_CONVERSION = YES;
				GCC_WARN_ABOUT_RETURN_TYPE = YES_ERROR;
				GCC_WARN_UNDECLARED_SELECTOR = YES;
				GCC_WARN_UNINITIALIZED_AUTOS = YES_AGGRESSIVE;
				GCC_WARN_UNUSED_FUNCTION = YES;
				GCC_WARN_UNUSED_VARIABLE = YES;
				IPHONEOS_DEPLOYMENT_TARGET = 8.3;
				MTL_ENABLE_DEBUG_INFO = NO;
				SDKROOT = iphoneos;
				VALIDATE_PRODUCT = YES;
			};
			name = Release;
		};
		E6702FE51B96A2BA009B0C0B /* Debug */ = {
			isa = XCBuildConfiguration;
			buildSettings = {
				ASSETCATALOG_COMPILER_APPICON_NAME = AppIcon;
				FRAMEWORK_SEARCH_PATHS = (
					"$(inherited)",
					"/Users/rhernande/Documents/FacebookSDKs-iOS-20150910",
					"/Users/rhernande/Documents/FacebookSDKs-iOS-20150813",
					"/Users/rhernande/Downloads/FacebookSDKs-iOS-20150813",
					"$(PROJECT_DIR)",
				);
				INFOPLIST_FILE = OnTheMap/Info.plist;
				LD_RUNPATH_SEARCH_PATHS = "$(inherited) @executable_path/Frameworks";
				PRODUCT_NAME = "$(TARGET_NAME)";
				SWIFT_OBJC_BRIDGING_HEADER = "OnTheMap/Facebook-Header.h";
			};
			name = Debug;
		};
		E6702FE61B96A2BA009B0C0B /* Release */ = {
			isa = XCBuildConfiguration;
			buildSettings = {
				ASSETCATALOG_COMPILER_APPICON_NAME = AppIcon;
				FRAMEWORK_SEARCH_PATHS = (
					"$(inherited)",
					"/Users/rhernande/Documents/FacebookSDKs-iOS-20150910",
					"/Users/rhernande/Documents/FacebookSDKs-iOS-20150813",
					"/Users/rhernande/Downloads/FacebookSDKs-iOS-20150813",
					"$(PROJECT_DIR)",
				);
				INFOPLIST_FILE = OnTheMap/Info.plist;
				LD_RUNPATH_SEARCH_PATHS = "$(inherited) @executable_path/Frameworks";
				PRODUCT_NAME = "$(TARGET_NAME)";
				SWIFT_OBJC_BRIDGING_HEADER = "OnTheMap/Facebook-Header.h";
			};
			name = Release;
		};
		E6702FE81B96A2BA009B0C0B /* Debug */ = {
			isa = XCBuildConfiguration;
			buildSettings = {
				BUNDLE_LOADER = "$(TEST_HOST)";
				FRAMEWORK_SEARCH_PATHS = (
					"$(SDKROOT)/Developer/Library/Frameworks",
					"$(inherited)",
				);
				GCC_PREPROCESSOR_DEFINITIONS = (
					"DEBUG=1",
					"$(inherited)",
				);
				INFOPLIST_FILE = OnTheMapTests/Info.plist;
				LD_RUNPATH_SEARCH_PATHS = "$(inherited) @executable_path/Frameworks @loader_path/Frameworks";
				PRODUCT_NAME = "$(TARGET_NAME)";
				TEST_HOST = "$(BUILT_PRODUCTS_DIR)/OnTheMap.app/OnTheMap";
			};
			name = Debug;
		};
		E6702FE91B96A2BA009B0C0B /* Release */ = {
			isa = XCBuildConfiguration;
			buildSettings = {
				BUNDLE_LOADER = "$(TEST_HOST)";
				FRAMEWORK_SEARCH_PATHS = (
					"$(SDKROOT)/Developer/Library/Frameworks",
					"$(inherited)",
				);
				INFOPLIST_FILE = OnTheMapTests/Info.plist;
				LD_RUNPATH_SEARCH_PATHS = "$(inherited) @executable_path/Frameworks @loader_path/Frameworks";
				PRODUCT_NAME = "$(TARGET_NAME)";
				TEST_HOST = "$(BUILT_PRODUCTS_DIR)/OnTheMap.app/OnTheMap";
			};
			name = Release;
		};
/* End XCBuildConfiguration section */

/* Begin XCConfigurationList section */
		E6702FC01B96A2BA009B0C0B /* Build configuration list for PBXProject "OnTheMap" */ = {
			isa = XCConfigurationList;
			buildConfigurations = (
				E6702FE21B96A2BA009B0C0B /* Debug */,
				E6702FE31B96A2BA009B0C0B /* Release */,
			);
			defaultConfigurationIsVisible = 0;
			defaultConfigurationName = Release;
		};
		E6702FE41B96A2BA009B0C0B /* Build configuration list for PBXNativeTarget "OnTheMap" */ = {
			isa = XCConfigurationList;
			buildConfigurations = (
				E6702FE51B96A2BA009B0C0B /* Debug */,
				E6702FE61B96A2BA009B0C0B /* Release */,
			);
			defaultConfigurationIsVisible = 0;
			defaultConfigurationName = Release;
		};
		E6702FE71B96A2BA009B0C0B /* Build configuration list for PBXNativeTarget "OnTheMapTests" */ = {
			isa = XCConfigurationList;
			buildConfigurations = (
				E6702FE81B96A2BA009B0C0B /* Debug */,
				E6702FE91B96A2BA009B0C0B /* Release */,
			);
			defaultConfigurationIsVisible = 0;
			defaultConfigurationName = Release;
		};
/* End XCConfigurationList section */
	};
	rootObject = E6702FBD1B96A2BA009B0C0B /* Project object */;
}
